
Microsoft Visual Studio Solution File, Format Version 12.00
# Visual Studio Version 17
VisualStudioVersion = 17.8.34525.116
MinimumVisualStudioVersion = 10.0.40219.1
Project("{FAE04EC0-301F-11D3-BF4B-00C04F79EFBC}") = "code project", "code project\code project.csproj", "{8C7FDAF9-D979-4155-8B1A-97CE41A913CD}"
EndProject
Global
	GlobalSection(SolutionConfigurationPlatforms) = preSolution
		Debug|Any CPU = Debug|Any CPU
		Release|Any CPU = Release|Any CPU
	EndGlobalSection
	GlobalSection(ProjectConfigurationPlatforms) = postSolution
		{8C7FDAF9-D979-4155-8B1A-97CE41A913CD}.Debug|Any CPU.ActiveCfg = Debug|Any CPU
		{8C7FDAF9-D979-4155-8B1A-97CE41A913CD}.Debug|Any CPU.Build.0 = Debug|Any CPU
		{8C7FDAF9-D979-4155-8B1A-97CE41A913CD}.Release|Any CPU.ActiveCfg = Release|Any CPU
		{8C7FDAF9-D979-4155-8B1A-97CE41A913CD}.Release|Any CPU.Build.0 = Release|Any CPU
	EndGlobalSection
	GlobalSection(SolutionProperties) = preSolution
		HideSolutionNode = FALSE
	EndGlobalSection
	GlobalSection(ExtensibilityGlobals) = postSolution
		SolutionGuid = {076E2BA9-EB0C-467B-AB7B-780985ACFC09}
	EndGlobalSection
EndGlobal
